
Microsoft Visual Studio Solution File, Format Version 12.00
# Visual Studio Version 17
VisualStudioVersion = 17.3.32929.385
MinimumVisualStudioVersion = 10.0.40219.1
Project("{9A19103F-16F7-4668-BE54-9A1E7A4F7556}") = "FuelPriceService", "FulePriceService\FuelPriceService.csproj", "{ACFC806D-B5B9-4DA4-ACF0-C7208CB22E1A}"
EndProject
Project("{FAE04EC0-301F-11D3-BF4B-00C04F79EFBC}") = "FuelPriceAccessLib", "FulePriceAccessLib\FuelPriceAccessLib.csproj", "{9C23EA29-4A4A-47D1-B82D-112387BA0783}"
EndProject
Global
	GlobalSection(SolutionConfigurationPlatforms) = preSolution
		Debug|Any CPU = Debug|Any CPU
		Release|Any CPU = Release|Any CPU
	EndGlobalSection
	GlobalSection(ProjectConfigurationPlatforms) = postSolution
		{ACFC806D-B5B9-4DA4-ACF0-C7208CB22E1A}.Debug|Any CPU.ActiveCfg = Debug|Any CPU
		{ACFC806D-B5B9-4DA4-ACF0-C7208CB22E1A}.Debug|Any CPU.Build.0 = Debug|Any CPU
		{ACFC806D-B5B9-4DA4-ACF0-C7208CB22E1A}.Release|Any CPU.ActiveCfg = Release|Any CPU
		{ACFC806D-B5B9-4DA4-ACF0-C7208CB22E1A}.Release|Any CPU.Build.0 = Release|Any CPU
		{9C23EA29-4A4A-47D1-B82D-112387BA0783}.Debug|Any CPU.ActiveCfg = Debug|Any CPU
		{9C23EA29-4A4A-47D1-B82D-112387BA0783}.Debug|Any CPU.Build.0 = Debug|Any CPU
		{9C23EA29-4A4A-47D1-B82D-112387BA0783}.Release|Any CPU.ActiveCfg = Release|Any CPU
		{9C23EA29-4A4A-47D1-B82D-112387BA0783}.Release|Any CPU.Build.0 = Release|Any CPU
	EndGlobalSection
	GlobalSection(SolutionProperties) = preSolution
		HideSolutionNode = FALSE
	EndGlobalSection
	GlobalSection(ExtensibilityGlobals) = postSolution
		SolutionGuid = {4D8B47B2-9B2C-4096-944F-584DC9DC7AC3}
	EndGlobalSection
EndGlobal
